<?xml version="1.0" encoding="utf-8"?>
<Project ToolsVersion="4.0" xmlns="http://schemas.microsoft.com/developer/msbuild/2003">
  <ItemGroup>
    <Filter Include="Source Files">
      <UniqueIdentifier>{4FC737F1-C7A5-4376-A066-2A32D752A2FF}</UniqueIdentifier>
      <Extensions>cpp;c;cc;cxx;c++;cppm;ixx;def;odl;idl;hpj;bat;asm;asmx</Extensions>
    </Filter>
    <Filter Include="Header Files">
      <UniqueIdentifier>{93995380-89BD-4b04-88EB-625FBE52EBFB}</UniqueIdentifier>
      <Extensions>h;hh;hpp;hxx;h++;hm;inl;inc;ipp;xsd</Extensions>
    </Filter>
    <Filter Include="Resource Files">
      <UniqueIdentifier>{67DA6AB6-F800-4c08-8B7A-83BB121AAD01}</UniqueIdentifier>
      <Extensions>rc;ico;cur;bmp;dlg;rc2;rct;bin;rgs;gif;jpg;jpeg;jpe;resx;tiff;tif;png;wav;mfcribbon-ms</Extensions>
    </Filter>
  </ItemGroup>
  <ItemGroup>
    <ClCompile Include="debugdraw.c">
      <Filter>Source Files</Filter>
    </ClCompile>
    <ClCompile Include="gamestate.c">
      <Filter>Source Files</Filter>
    </ClCompile>
    <ClCompile Include="main.c">
      <Filter>Source Files</Filter>
    </ClCompile>
    <ClCompile Include="server.c">
      <Filter>Source Files</Filter>
    </ClCompile>
    <ClCompile Include="sokol_impl.c">
      <Filter>Source Files</Filter>
    </ClCompile>
    <ClCompile Include="thirdparty\Chipmunk2D\src\chipmunk.c">
      <Filter>Source Files</Filter>
    </ClCompile>
    <ClCompile Include="thirdparty\Chipmunk2D\src\cpArbiter.c">
      <Filter>Source Files</Filter>
    </ClCompile>
    <ClCompile Include="thirdparty\Chipmunk2D\src\cpArray.c">
      <Filter>Source Files</Filter>
    </ClCompile>
    <ClCompile Include="thirdparty\Chipmunk2D\src\cpBBTree.c">
      <Filter>Source Files</Filter>
    </ClCompile>
    <ClCompile Include="thirdparty\Chipmunk2D\src\cpBody.c">
      <Filter>Source Files</Filter>
    </ClCompile>
    <ClCompile Include="thirdparty\Chipmunk2D\src\cpCollision.c">
      <Filter>Source Files</Filter>
    </ClCompile>
    <ClCompile Include="thirdparty\Chipmunk2D\src\cpConstraint.c">
      <Filter>Source Files</Filter>
    </ClCompile>
    <ClCompile Include="thirdparty\Chipmunk2D\src\cpDampedRotarySpring.c">
      <Filter>Source Files</Filter>
    </ClCompile>
    <ClCompile Include="thirdparty\Chipmunk2D\src\cpDampedSpring.c">
      <Filter>Source Files</Filter>
    </ClCompile>
    <ClCompile Include="thirdparty\Chipmunk2D\src\cpGearJoint.c">
      <Filter>Source Files</Filter>
    </ClCompile>
    <ClCompile Include="thirdparty\Chipmunk2D\src\cpGrooveJoint.c">
      <Filter>Source Files</Filter>
    </ClCompile>
    <ClCompile Include="thirdparty\Chipmunk2D\src\cpHashSet.c">
      <Filter>Source Files</Filter>
    </ClCompile>
    <ClCompile Include="thirdparty\Chipmunk2D\src\cpHastySpace.c">
      <Filter>Source Files</Filter>
    </ClCompile>
    <ClCompile Include="thirdparty\Chipmunk2D\src\cpMarch.c">
      <Filter>Source Files</Filter>
    </ClCompile>
    <ClCompile Include="thirdparty\Chipmunk2D\src\cpPinJoint.c">
      <Filter>Source Files</Filter>
    </ClCompile>
    <ClCompile Include="thirdparty\Chipmunk2D\src\cpPivotJoint.c">
      <Filter>Source Files</Filter>
    </ClCompile>
    <ClCompile Include="thirdparty\Chipmunk2D\src\cpPolyline.c">
      <Filter>Source Files</Filter>
    </ClCompile>
    <ClCompile Include="thirdparty\Chipmunk2D\src\cpPolyShape.c">
      <Filter>Source Files</Filter>
    </ClCompile>
    <ClCompile Include="thirdparty\Chipmunk2D\src\cpRatchetJoint.c">
      <Filter>Source Files</Filter>
    </ClCompile>
    <ClCompile Include="thirdparty\Chipmunk2D\src\cpRobust.c">
      <Filter>Source Files</Filter>
    </ClCompile>
    <ClCompile Include="thirdparty\Chipmunk2D\src\cpRotaryLimitJoint.c">
      <Filter>Source Files</Filter>
    </ClCompile>
    <ClCompile Include="thirdparty\Chipmunk2D\src\cpShape.c">
      <Filter>Source Files</Filter>
    </ClCompile>
    <ClCompile Include="thirdparty\Chipmunk2D\src\cpSimpleMotor.c">
      <Filter>Source Files</Filter>
    </ClCompile>
    <ClCompile Include="thirdparty\Chipmunk2D\src\cpSlideJoint.c">
      <Filter>Source Files</Filter>
    </ClCompile>
    <ClCompile Include="thirdparty\Chipmunk2D\src\cpSpace.c">
      <Filter>Source Files</Filter>
    </ClCompile>
    <ClCompile Include="thirdparty\Chipmunk2D\src\cpSpaceComponent.c">
      <Filter>Source Files</Filter>
    </ClCompile>
    <ClCompile Include="thirdparty\Chipmunk2D\src\cpSpaceDebug.c">
      <Filter>Source Files</Filter>
    </ClCompile>
    <ClCompile Include="thirdparty\Chipmunk2D\src\cpSpaceHash.c">
      <Filter>Source Files</Filter>
    </ClCompile>
    <ClCompile Include="thirdparty\Chipmunk2D\src\cpSpaceQuery.c">
      <Filter>Source Files</Filter>
    </ClCompile>
    <ClCompile Include="thirdparty\Chipmunk2D\src\cpSpaceStep.c">
      <Filter>Source Files</Filter>
    </ClCompile>
    <ClCompile Include="thirdparty\Chipmunk2D\src\cpSpatialIndex.c">
      <Filter>Source Files</Filter>
    </ClCompile>
    <ClCompile Include="thirdparty\Chipmunk2D\src\cpSweep1D.c">
      <Filter>Source Files</Filter>
    </ClCompile>
    <ClCompile Include="thirdparty\enet\callbacks.c">
      <Filter>Source Files</Filter>
    </ClCompile>
    <ClCompile Include="thirdparty\enet\compress.c">
      <Filter>Source Files</Filter>
    </ClCompile>
    <ClCompile Include="thirdparty\enet\host.c">
      <Filter>Source Files</Filter>
    </ClCompile>
    <ClCompile Include="thirdparty\enet\list.c">
      <Filter>Source Files</Filter>
    </ClCompile>
    <ClCompile Include="thirdparty\enet\packet.c">
      <Filter>Source Files</Filter>
    </ClCompile>
    <ClCompile Include="thirdparty\enet\peer.c">
      <Filter>Source Files</Filter>
    </ClCompile>
    <ClCompile Include="thirdparty\enet\protocol.c">
      <Filter>Source Files</Filter>
    </ClCompile>
    <ClCompile Include="thirdparty\enet\win32.c">
      <Filter>Source Files</Filter>
    </ClCompile>
  </ItemGroup>
  <ItemGroup>
    <ClInclude Include="ipsettings.h">
      <Filter>Header Files</Filter>
    </ClInclude>
    <ClInclude Include="thirdparty\sokol_app.h">
      <Filter>Header Files</Filter>
    </ClInclude>
    <ClInclude Include="thirdparty\sokol_gfx.h">
      <Filter>Header Files</Filter>
    </ClInclude>
    <ClInclude Include="thirdparty\sokol_glue.h">
      <Filter>Header Files</Filter>
    </ClInclude>
    <ClInclude Include="thirdparty\sokol_gp.h">
      <Filter>Header Files</Filter>
    </ClInclude>
    <ClInclude Include="thirdparty\sokol_time.h">
      <Filter>Header Files</Filter>
    </ClInclude>
    <ClInclude Include="thirdparty\stb_image.h">
      <Filter>Header Files</Filter>
    </ClInclude>
    <ClInclude Include="triangle.gen.h">
      <Filter>Header Files</Filter>
    </ClInclude>
    <ClInclude Include="types.h">
      <Filter>Header Files</Filter>
    </ClInclude>
  </ItemGroup>
  <ItemGroup>
    <None Include="thirdparty\enet\enet_dll.cbp" />
  </ItemGroup>
</Project>